
Microsoft Visual Studio Solution File, Format Version 12.00
# Visual Studio Version 17
VisualStudioVersion = 17.7.34031.279
MinimumVisualStudioVersion = 10.0.40219.1
Project("{FAE04EC0-301F-11D3-BF4B-00C04F79EFBC}") = "NotasEncriptadas", "NotasEncriptadas\NotasEncriptadas.csproj", "{50CA02BD-319F-42F2-B9B4-87D1E5242D17}"
EndProject
Global
	GlobalSection(SolutionConfigurationPlatforms) = preSolution
		Debug|Any CPU = Debug|Any CPU
		Release|Any CPU = Release|Any CPU
	EndGlobalSection
	GlobalSection(ProjectConfigurationPlatforms) = postSolution
		{50CA02BD-319F-42F2-B9B4-87D1E5242D17}.Debug|Any CPU.ActiveCfg = Debug|Any CPU
		{50CA02BD-319F-42F2-B9B4-87D1E5242D17}.Debug|Any CPU.Build.0 = Debug|Any CPU
		{50CA02BD-319F-42F2-B9B4-87D1E5242D17}.Release|Any CPU.ActiveCfg = Release|Any CPU
		{50CA02BD-319F-42F2-B9B4-87D1E5242D17}.Release|Any CPU.Build.0 = Release|Any CPU
	EndGlobalSection
	GlobalSection(SolutionProperties) = preSolution
		HideSolutionNode = FALSE
	EndGlobalSection
	GlobalSection(ExtensibilityGlobals) = postSolution
		SolutionGuid = {E94DE110-6708-4A43-A576-48575167D3BF}
	EndGlobalSection
EndGlobal
